{
  "name": "webparsers",
  "version": "0.1.0",
  "lockfileVersion": 3,
  "requires": true,
  "packages": {
    "": {
      "name": "webparsers",
      "version": "0.1.0",
      "license": "MIT",
      "dependencies": {
        "h5wasm": "^0.7.7"
      },
      "engines": {
        "node": ">=18"
      }
    },
    "node_modules/h5wasm": {
      "version": "0.7.9",
      "resolved": "https://registry.npmjs.org/h5wasm/-/h5wasm-0.7.9.tgz",
      "integrity": "sha512-V3N+SSQdrTjQUqwu6sJsOcwocZCXeZnwmuNO/gervRaTiqJD1lSybqB+7d3YSciej3OIwmturEP1UzhIOZ77pA==",
      "license": "SEE LICENSE IN LICENSE.txt"
    }
  }
}
