{
  "name": "webparsers",
  "version": "0.1.0",
  "lockfileVersion": 3,
  "requires": true,
  "packages": {
    "": {
      "name": "webparsers",
      "version": "0.1.0",
      "license": "MIT",
      "devDependencies": {
        "hyparquet-writer": "^0.15.1",
        "pngjs": "^7.0.0"
      },
      "engines": {
        "node": ">=18"
      },
      "optionalDependencies": {
        "h5wasm": "^0.7.7",
        "hyparquet": "^1.10.0",
        "jpeg-js": "^0.4.4",
        "numcodecs": "^0.3.2"
      }
    },
    "node_modules/fflate": {
      "version": "0.8.3",
      "resolved": "https://registry.npmjs.org/fflate/-/fflate-0.8.3.tgz",
      "integrity": "sha512-tbZNuJrLwGUp3zshBtdy4W+ORxZuIh8a5ilyIEQDC5rY1f3U20JMry0Ll3WBzU58EZKsEuJFXhb5gwv8CsPvgA==",
      "license": "MIT",
      "optional": true
    },
    "node_modules/h5wasm": {
      "version": "0.7.9",
      "resolved": "https://registry.npmjs.org/h5wasm/-/h5wasm-0.7.9.tgz",
      "integrity": "sha512-V3N+SSQdrTjQUqwu6sJsOcwocZCXeZnwmuNO/gervRaTiqJD1lSybqB+7d3YSciej3OIwmturEP1UzhIOZ77pA==",
      "license": "SEE LICENSE IN LICENSE.txt",
      "optional": true
    },
    "node_modules/hyparquet": {
      "version": "1.25.8",
      "resolved": "https://registry.npmjs.org/hyparquet/-/hyparquet-1.25.8.tgz",
      "integrity": "sha512-KYRKZCHBgEY9FOuqTe9m+zdrKBcTo9ZcaIUqG7SdZygv5hwrGD3C6wuTrGt07cbEkgO71UIih+KbojLKf3ENbg==",
      "devOptional": true,
      "license": "MIT"
    },
    "node_modules/hyparquet-writer": {
      "version": "0.15.1",
      "resolved": "https://registry.npmjs.org/hyparquet-writer/-/hyparquet-writer-0.15.1.tgz",
      "integrity": "sha512-PicW0OhBVxjCO2H49aemDJc38aRHsNbBIxV3E0tBNVWI10kVFJAhbcAX23RjyBTsAKL3DNqxlbC7ba6YcJk+uQ==",
      "dev": true,
      "license": "MIT",
      "dependencies": {
        "hyparquet": "1.25.8"
      }
    },
    "node_modules/jpeg-js": {
      "version": "0.4.4",
      "resolved": "https://registry.npmjs.org/jpeg-js/-/jpeg-js-0.4.4.tgz",
      "integrity": "sha512-WZzeDOEtTOBK4Mdsar0IqEU5sMr3vSV2RqkAIzUEV2BHnUfKGyswWFPFwK5EeDo93K3FohSHbLAjj0s1Wzd+dg==",
      "license": "BSD-3-Clause",
      "optional": true
    },
    "node_modules/numcodecs": {
      "version": "0.3.2",
      "resolved": "https://registry.npmjs.org/numcodecs/-/numcodecs-0.3.2.tgz",
      "integrity": "sha512-6YSPnmZgg0P87jnNhi3s+FVLOcIn3y+1CTIgUulA3IdASzK9fJM87sUFkpyA+be9GibGRaST2wCgkD+6U+fWKw==",
      "license": "MIT",
      "optional": true,
      "dependencies": {
        "fflate": "^0.8.0"
      }
    },
    "node_modules/pngjs": {
      "version": "7.0.0",
      "resolved": "https://registry.npmjs.org/pngjs/-/pngjs-7.0.0.tgz",
      "integrity": "sha512-LKWqWJRhstyYo9pGvgor/ivk2w94eSjE3RGVuzLGlr3NmD8bf7RcYGze1mNdEHRP6TRP6rMuDHk5t44hnTRyow==",
      "dev": true,
      "license": "MIT",
      "engines": {
        "node": ">=14.19.0"
      }
    }
  }
}
